// !$*UTF8*$!
{
	archiveVersion = 1;
	classes = {
	};
	objectVersion = 46;
	objects = {

/* Begin PBXBuildFile section */
		7A10A97D1D90EA480030A902 /* Squall.framework in Frameworks */ = {isa = PBXBuildFile; fileRef = 7ADC70951D90DC6E00E42283 /* Squall.framework */; };
		7A10A97E1D90EA480030A902 /* Squall.framework in Embed Frameworks */ = {isa = PBXBuildFile; fileRef = 7ADC70951D90DC6E00E42283 /* Squall.framework */; settings = {ATTRIBUTES = (CodeSignOnCopy, RemoveHeadersOnCopy, ); }; };
		7A10A9811D90ED7F0030A902 /* CoreMotion.framework in Frameworks */ = {isa = PBXBuildFile; fileRef = 7A10A9801D90ED7F0030A902 /* CoreMotion.framework */; };
		7AC6E1291D90C08D00C834BB /* AppDelegate.swift in Sources */ = {isa = PBXBuildFile; fileRef = 7AC6E1281D90C08D00C834BB /* AppDelegate.swift */; };
		7AC6E12B1D90C08D00C834BB /* ViewController.swift in Sources */ = {isa = PBXBuildFile; fileRef = 7AC6E12A1D90C08D00C834BB /* ViewController.swift */; };
		7AC6E12E1D90C08D00C834BB /* Main.storyboard in Resources */ = {isa = PBXBuildFile; fileRef = 7AC6E12C1D90C08D00C834BB /* Main.storyboard */; };
		7AC6E1301D90C08D00C834BB /* Assets.xcassets in Resources */ = {isa = PBXBuildFile; fileRef = 7AC6E12F1D90C08D00C834BB /* Assets.xcassets */; };
		7AC6E1331D90C08D00C834BB /* LaunchScreen.storyboard in Resources */ = {isa = PBXBuildFile; fileRef = 7AC6E1311D90C08D00C834BB /* LaunchScreen.storyboard */; };
		7AC6E1401D90C23A00C834BB /* expressionController.swift in Sources */ = {isa = PBXBuildFile; fileRef = 7AC6E13F1D90C23A00C834BB /* expressionController.swift */; };
		7AC6E1421D90C28800C834BB /* accelerometer.sqa in Resources */ = {isa = PBXBuildFile; fileRef = 7AC6E1411D90C28800C834BB /* accelerometer.sqa */; };
		7ADC70931D90DBB600E42283 /* Squall.framework in Frameworks */ = {isa = PBXBuildFile; fileRef = 7ADC70911D90DBB100E42283 /* Squall.framework */; };
		7ADC70961D90DC6E00E42283 /* Squall.framework in Frameworks */ = {isa = PBXBuildFile; fileRef = 7ADC70951D90DC6E00E42283 /* Squall.framework */; };
/* End PBXBuildFile section */

/* Begin PBXCopyFilesBuildPhase section */
		7A605AFE1D90DB6E0036C0C7 /* Embed Frameworks */ = {
			isa = PBXCopyFilesBuildPhase;
			buildActionMask = 2147483647;
			dstPath = "";
			dstSubfolderSpec = 10;
			files = (
				7A10A97E1D90EA480030A902 /* Squall.framework in Embed Frameworks */,
			);
			name = "Embed Frameworks";
			runOnlyForDeploymentPostprocessing = 0;
		};
/* End PBXCopyFilesBuildPhase section */

/* Begin PBXFileReference section */
		7A10A9801D90ED7F0030A902 /* CoreMotion.framework */ = {isa = PBXFileReference; lastKnownFileType = wrapper.framework; name = CoreMotion.framework; path = System/Library/Frameworks/CoreMotion.framework; sourceTree = SDKROOT; };
		7AC6E1251D90C08D00C834BB /* Accelerometer.app */ = {isa = PBXFileReference; explicitFileType = wrapper.application; includeInIndex = 0; path = Accelerometer.app; sourceTree = BUILT_PRODUCTS_DIR; };
		7AC6E1281D90C08D00C834BB /* AppDelegate.swift */ = {isa = PBXFileReference; lastKnownFileType = sourcecode.swift; path = AppDelegate.swift; sourceTree = "<group>"; };
		7AC6E12A1D90C08D00C834BB /* ViewController.swift */ = {isa = PBXFileReference; lastKnownFileType = sourcecode.swift; name = ViewController.swift; path = "/Users/marcuseckert/Dropbox (Privates)/SquallExamples/Accelerometer/Accelerometer/ViewController.swift"; sourceTree = "<absolute>"; };
		7AC6E12D1D90C08D00C834BB /* Base */ = {isa = PBXFileReference; lastKnownFileType = file.storyboard; name = Base; path = Base.lproj/Main.storyboard; sourceTree = "<group>"; };
		7AC6E12F1D90C08D00C834BB /* Assets.xcassets */ = {isa = PBXFileReference; lastKnownFileType = folder.assetcatalog; path = Assets.xcassets; sourceTree = "<group>"; };
		7AC6E1321D90C08D00C834BB /* Base */ = {isa = PBXFileReference; lastKnownFileType = file.storyboard; name = Base; path = Base.lproj/LaunchScreen.storyboard; sourceTree = "<group>"; };
		7AC6E1341D90C08D00C834BB /* Info.plist */ = {isa = PBXFileReference; lastKnownFileType = text.plist.xml; path = Info.plist; sourceTree = "<group>"; };
		7AC6E13F1D90C23A00C834BB /* expressionController.swift */ = {isa = PBXFileReference; fileEncoding = 4; lastKnownFileType = sourcecode.swift; path = expressionController.swift; sourceTree = "<group>"; };
		7AC6E1411D90C28800C834BB /* accelerometer.sqa */ = {isa = PBXFileReference; fileEncoding = 4; lastKnownFileType = text; path = accelerometer.sqa; sourceTree = "<group>"; };
		7ADC70911D90DBB100E42283 /* Squall.framework */ = {isa = PBXFileReference; lastKnownFileType = wrapper.framework; name = Squall.framework; path = "/Users/marcuseckert/Dropbox (Privates)/SquallExamples/Accelerometer/Squall.framework"; sourceTree = "<absolute>"; };
		7ADC70951D90DC6E00E42283 /* Squall.framework */ = {isa = PBXFileReference; lastKnownFileType = wrapper.framework; name = Squall.framework; path = ../Squall.framework; sourceTree = "<group>"; };
/* End PBXFileReference section */

/* Begin PBXFrameworksBuildPhase section */
		7AC6E1221D90C08D00C834BB /* Frameworks */ = {
			isa = PBXFrameworksBuildPhase;
			buildActionMask = 2147483647;
			files = (
				7A10A9811D90ED7F0030A902 /* CoreMotion.framework in Frameworks */,
				7ADC70961D90DC6E00E42283 /* Squall.framework in Frameworks */,
				7ADC70931D90DBB600E42283 /* Squall.framework in Frameworks */,
				7A10A97D1D90EA480030A902 /* Squall.framework in Frameworks */,
			);
			runOnlyForDeploymentPostprocessing = 0;
		};
/* End PBXFrameworksBuildPhase section */

/* Begin PBXGroup section */
		7A10A97F1D90ED7F0030A902 /* Frameworks */ = {
			isa = PBXGroup;
			children = (
				7A10A9801D90ED7F0030A902 /* CoreMotion.framework */,
			);
			name = Frameworks;
			sourceTree = "<group>";
		};
		7AC6E11C1D90C08D00C834BB = {
			isa = PBXGroup;
			children = (
				7ADC70951D90DC6E00E42283 /* Squall.framework */,
				7AC6E1271D90C08D00C834BB /* Accelerometer */,
				7AC6E1261D90C08D00C834BB /* Products */,
				7A10A97F1D90ED7F0030A902 /* Frameworks */,
			);
			sourceTree = "<group>";
		};
		7AC6E1261D90C08D00C834BB /* Products */ = {
			isa = PBXGroup;
			children = (
				7AC6E1251D90C08D00C834BB /* Accelerometer.app */,
			);
			name = Products;
			sourceTree = "<group>";
		};
		7AC6E1271D90C08D00C834BB /* Accelerometer */ = {
			isa = PBXGroup;
			children = (
				7AC6E1281D90C08D00C834BB /* AppDelegate.swift */,
				7AC6E1411D90C28800C834BB /* accelerometer.sqa */,
				7AC6E12A1D90C08D00C834BB /* ViewController.swift */,
				7AC6E13F1D90C23A00C834BB /* expressionController.swift */,
				7AC6E12C1D90C08D00C834BB /* Main.storyboard */,
				7AC6E12F1D90C08D00C834BB /* Assets.xcassets */,
				7AC6E1311D90C08D00C834BB /* LaunchScreen.storyboard */,
				7AC6E1341D90C08D00C834BB /* Info.plist */,
			);
			path = Accelerometer;
			sourceTree = "<group>";
		};
/* End PBXGroup section */

/* Begin PBXNativeTarget section */
		7AC6E1241D90C08D00C834BB /* Accelerometer */ = {
			isa = PBXNativeTarget;
			buildConfigurationList = 7AC6E1371D90C08D00C834BB /* Build configuration list for PBXNativeTarget "Accelerometer" */;
			buildPhases = (
				7AC6E1211D90C08D00C834BB /* Sources */,
				7AC6E1221D90C08D00C834BB /* Frameworks */,
				7AC6E1231D90C08D00C834BB /* Resources */,
				7A605AFE1D90DB6E0036C0C7 /* Embed Frameworks */,
			);
			buildRules = (
			);
			dependencies = (
			);
			name = Accelerometer;
			productName = Accelerometer;
			productReference = 7AC6E1251D90C08D00C834BB /* Accelerometer.app */;
			productType = "com.apple.product-type.application";
		};
/* End PBXNativeTarget section */

/* Begin PBXProject section */
		7AC6E11D1D90C08D00C834BB /* Project object */ = {
			isa = PBXProject;
			attributes = {
				LastSwiftUpdateCheck = 0800;
				LastUpgradeCheck = 0800;
				ORGANIZATIONNAME = "Marcus Eckert AS";
				TargetAttributes = {
					7AC6E1241D90C08D00C834BB = {
						CreatedOnToolsVersion = 8.0;
						DevelopmentTeam = P53Q66SK8E;
						ProvisioningStyle = Automatic;
					};
				};
			};
			buildConfigurationList = 7AC6E1201D90C08D00C834BB /* Build configuration list for PBXProject "Accelerometer" */;
			compatibilityVersion = "Xcode 3.2";
			developmentRegion = English;
			hasScannedForEncodings = 0;
			knownRegions = (
				en,
				Base,
			);
			mainGroup = 7AC6E11C1D90C08D00C834BB;
			productRefGroup = 7AC6E1261D90C08D00C834BB /* Products */;
			projectDirPath = "";
			projectRoot = "";
			targets = (
				7AC6E1241D90C08D00C834BB /* Accelerometer */,
			);
		};
/* End PBXProject section */

/* Begin PBXResourcesBuildPhase section */
		7AC6E1231D90C08D00C834BB /* Resources */ = {
			isa = PBXResourcesBuildPhase;
			buildActionMask = 2147483647;
			files = (
				7AC6E1331D90C08D00C834BB /* LaunchScreen.storyboard in Resources */,
				7AC6E1301D90C08D00C834BB /* Assets.xcassets in Resources */,
				7AC6E12E1D90C08D00C834BB /* Main.storyboard in Resources */,
				7AC6E1421D90C28800C834BB /* accelerometer.sqa in Resources */,
			);
			runOnlyForDeploymentPostprocessing = 0;
		};
/* End PBXResourcesBuildPhase section */

/* Begin PBXSourcesBuildPhase section */
		7AC6E1211D90C08D00C834BB /* Sources */ = {
			isa = PBXSourcesBuildPhase;
			buildActionMask = 2147483647;
			files = (
				7AC6E12B1D90C08D00C834BB /* ViewController.swift in Sources */,
				7AC6E1401D90C23A00C834BB /* expressionController.swift in Sources */,
				7AC6E1291D90C08D00C834BB /* AppDelegate.swift in Sources */,
			);
			runOnlyForDeploymentPostprocessing = 0;
		};
/* End PBXSourcesBuildPhase section */

/* Begin PBXVariantGroup section */
		7AC6E12C1D90C08D00C834BB /* Main.storyboard */ = {
			isa = PBXVariantGroup;
			children = (
				7AC6E12D1D90C08D00C834BB /* Base */,
			);
			name = Main.storyboard;
			sourceTree = "<group>";
		};
		7AC6E1311D90C08D00C834BB /* LaunchScreen.storyboard */ = {
			isa = PBXVariantGroup;
			children = (
				7AC6E1321D90C08D00C834BB /* Base */,
			);
			name = LaunchScreen.storyboard;
			sourceTree = "<group>";
		};
/* End PBXVariantGroup section */

/* Begin XCBuildConfiguration section */
		7AC6E1351D90C08D00C834BB /* Debug */ = {
			isa = XCBuildConfiguration;
			buildSettings = {
				ALWAYS_SEARCH_USER_PATHS = NO;
				CLANG_ANALYZER_NONNULL = YES;
				CLANG_CXX_LANGUAGE_STANDARD = "gnu++0x";
				CLANG_CXX_LIBRARY = "libc++";
				CLANG_ENABLE_MODULES = YES;
				CLANG_ENABLE_OBJC_ARC = YES;
				CLANG_WARN_BOOL_CONVERSION = YES;
				CLANG_WARN_CONSTANT_CONVERSION = YES;
				CLANG_WARN_DIRECT_OBJC_ISA_USAGE = YES_ERROR;
				CLANG_WARN_DOCUMENTATION_COMMENTS = YES;
				CLANG_WARN_EMPTY_BODY = YES;
				CLANG_WARN_ENUM_CONVERSION = YES;
				CLANG_WARN_INFINITE_RECURSION = YES;
				CLANG_WARN_INT_CONVERSION = YES;
				CLANG_WARN_OBJC_ROOT_CLASS = YES_ERROR;
				CLANG_WARN_SUSPICIOUS_MOVES = YES;
				CLANG_WARN_UNREACHABLE_CODE = YES;
				CLANG_WARN__DUPLICATE_METHOD_MATCH = YES;
				"CODE_SIGN_IDENTITY[sdk=iphoneos*]" = "iPhone Developer";
				COPY_PHASE_STRIP = NO;
				DEBUG_INFORMATION_FORMAT = dwarf;
				ENABLE_STRICT_OBJC_MSGSEND = YES;
				ENABLE_TESTABILITY = YES;
				GCC_C_LANGUAGE_STANDARD = gnu99;
				GCC_DYNAMIC_NO_PIC = NO;
				GCC_NO_COMMON_BLOCKS = YES;
				GCC_OPTIMIZATION_LEVEL = 0;
				GCC_PREPROCESSOR_DEFINITIONS = (
					"DEBUG=1",
					"$(inherited)",
				);
				GCC_WARN_64_TO_32_BIT_CONVERSION = YES;
				GCC_WARN_ABOUT_RETURN_TYPE = YES_ERROR;
				GCC_WARN_UNDECLARED_SELECTOR = YES;
				GCC_WARN_UNINITIALIZED_AUTOS = YES_AGGRESSIVE;
				GCC_WARN_UNUSED_FUNCTION = YES;
				GCC_WARN_UNUSED_VARIABLE = YES;
				IPHONEOS_DEPLOYMENT_TARGET = 10.0;
				MTL_ENABLE_DEBUG_INFO = YES;
				ONLY_ACTIVE_ARCH = YES;
				SDKROOT = iphoneos;
				SWIFT_ACTIVE_COMPILATION_CONDITIONS = DEBUG;
				SWIFT_OPTIMIZATION_LEVEL = "-Onone";
			};
			name = Debug;
		};
		7AC6E1361D90C08D00C834BB /* Release */ = {
			isa = XCBuildConfiguration;
			buildSettings = {
				ALWAYS_SEARCH_USER_PATHS = NO;
				CLANG_ANALYZER_NONNULL = YES;
				CLANG_CXX_LANGUAGE_STANDARD = "gnu++0x";
				CLANG_CXX_LIBRARY = "libc++";
				CLANG_ENABLE_MODULES = YES;
				CLANG_ENABLE_OBJC_ARC = YES;
				CLANG_WARN_BOOL_CONVERSION = YES;
				CLANG_WARN_CONSTANT_CONVERSION = YES;
				CLANG_WARN_DIRECT_OBJC_ISA_USAGE = YES_ERROR;
				CLANG_WARN_DOCUMENTATION_COMMENTS = YES;
				CLANG_WARN_EMPTY_BODY = YES;
				CLANG_WARN_ENUM_CONVERSION = YES;
				CLANG_WARN_INFINITE_RECURSION = YES;
				CLANG_WARN_INT_CONVERSION = YES;
				CLANG_WARN_OBJC_ROOT_CLASS = YES_ERROR;
				CLANG_WARN_SUSPICIOUS_MOVES = YES;
				CLANG_WARN_UNREACHABLE_CODE = YES;
				CLANG_WARN__DUPLICATE_METHOD_MATCH = YES;
				"CODE_SIGN_IDENTITY[sdk=iphoneos*]" = "iPhone Developer";
				COPY_PHASE_STRIP = NO;
				DEBUG_INFORMATION_FORMAT = "dwarf-with-dsym";
				ENABLE_NS_ASSERTIONS = NO;
				ENABLE_STRICT_OBJC_MSGSEND = YES;
				GCC_C_LANGUAGE_STANDARD = gnu99;
				GCC_NO_COMMON_BLOCKS = YES;
				GCC_WARN_64_TO_32_BIT_CONVERSION = YES;
				GCC_WARN_ABOUT_RETURN_TYPE = YES_ERROR;
				GCC_WARN_UNDECLARED_SELECTOR = YES;
				GCC_WARN_UNINITIALIZED_AUTOS = YES_AGGRESSIVE;
				GCC_WARN_UNUSED_FUNCTION = YES;
				GCC_WARN_UNUSED_VARIABLE = YES;
				IPHONEOS_DEPLOYMENT_TARGET = 10.0;
				MTL_ENABLE_DEBUG_INFO = NO;
				SDKROOT = iphoneos;
				SWIFT_OPTIMIZATION_LEVEL = "-Owholemodule";
				VALIDATE_PRODUCT = YES;
			};
			name = Release;
		};
		7AC6E1381D90C08D00C834BB /* Debug */ = {
			isa = XCBuildConfiguration;
			buildSettings = {
				ASSETCATALOG_COMPILER_APPICON_NAME = AppIcon;
				DEVELOPMENT_TEAM = P53Q66SK8E;
				FRAMEWORK_SEARCH_PATHS = (
					../,
					"$(PROJECT_DIR)",
				);
				INFOPLIST_FILE = Accelerometer/Info.plist;
				IPHONEOS_DEPLOYMENT_TARGET = 8.0;
				LD_RUNPATH_SEARCH_PATHS = "$(inherited) @executable_path/Frameworks";
				PRODUCT_BUNDLE_IDENTIFIER = com.marcuseckertAS.SquallExamples.Accelerometer;
				PRODUCT_NAME = "$(TARGET_NAME)";
				SWIFT_VERSION = 3.0;
			};
			name = Debug;
		};
		7AC6E1391D90C08D00C834BB /* Release */ = {
			isa = XCBuildConfiguration;
			buildSettings = {
				ASSETCATALOG_COMPILER_APPICON_NAME = AppIcon;
				DEVELOPMENT_TEAM = P53Q66SK8E;
				FRAMEWORK_SEARCH_PATHS = (
					../,
					"$(PROJECT_DIR)",
				);
				INFOPLIST_FILE = Accelerometer/Info.plist;
				IPHONEOS_DEPLOYMENT_TARGET = 8.0;
				LD_RUNPATH_SEARCH_PATHS = "$(inherited) @executable_path/Frameworks";
				PRODUCT_BUNDLE_IDENTIFIER = com.marcuseckertAS.SquallExamples.Accelerometer;
				PRODUCT_NAME = "$(TARGET_NAME)";
				SWIFT_VERSION = 3.0;
			};
			name = Release;
		};
/* End XCBuildConfiguration section */

/* Begin XCConfigurationList section */
		7AC6E1201D90C08D00C834BB /* Build configuration list for PBXProject "Accelerometer" */ = {
			isa = XCConfigurationList;
			buildConfigurations = (
				7AC6E1351D90C08D00C834BB /* Debug */,
				7AC6E1361D90C08D00C834BB /* Release */,
			);
			defaultConfigurationIsVisible = 0;
			defaultConfigurationName = Release;
		};
		7AC6E1371D90C08D00C834BB /* Build configuration list for PBXNativeTarget "Accelerometer" */ = {
			isa = XCConfigurationList;
			buildConfigurations = (
				7AC6E1381D90C08D00C834BB /* Debug */,
				7AC6E1391D90C08D00C834BB /* Release */,
			);
			defaultConfigurationIsVisible = 0;
			defaultConfigurationName = Release;
		};
/* End XCConfigurationList section */
	};
	rootObject = 7AC6E11D1D90C08D00C834BB /* Project object */;
}
